{
  "nodes": {
    "apps": {
      "inputs": {
        "nixpkgs": [
          "packages",
          "nixpkgs"
        ],
        "project-root": [
          "packages",
          "project-root"
        ]
      },
      "locked": {
        "path": "../apps",
        "type": "path"
      },
      "original": {
        "path": "../apps",
        "type": "path"
      },
      "parent": [
        "packages"
      ]
    },
    "crane": {
      "locked": {
        "lastModified": 1763938834,
        "narHash": "sha256-j8iB0Yr4zAvQLueCZ5abxfk6fnG/SJ5JnGUziETjwfg=",
        "owner": "ipetkov",
        "repo": "crane",
        "rev": "d9e753122e51cee64eb8d2dddfe11148f339f5a2",
        "type": "github"
      },
      "original": {
        "owner": "ipetkov",
        "repo": "crane",
        "type": "github"
      }
    },
    "nixpkgs": {
      "locked": {
        "lastModified": 1764081664,
        "narHash": "sha256-sUoHmPr/EwXzRMpv1u/kH+dXuvJEyyF2Q7muE+t0EU4=",
        "owner": "NixOS",
        "repo": "nixpkgs",
        "rev": "dc205f7b4fdb04c8b7877b43edb7b73be7730081",
        "type": "github"
      },
      "original": {
        "owner": "NixOS",
        "ref": "nixpkgs-unstable",
        "repo": "nixpkgs",
        "type": "github"
      }
    },
    "packages": {
      "inputs": {
        "apps": "apps",
        "crane": [
          "crane"
        ],
        "nixpkgs": [
          "nixpkgs"
        ],
        "project-root": [
          "project-root"
        ]
      },
      "locked": {
        "path": "../packages",
        "type": "path"
      },
      "original": {
        "path": "../packages",
        "type": "path"
      },
      "parent": []
    },
    "project-root": {
      "flake": false,
      "locked": {
        "path": "..",
        "type": "path"
      },
      "original": {
        "path": "..",
        "type": "path"
      },
      "parent": []
    },
    "root": {
      "inputs": {
        "crane": "crane",
        "nixpkgs": "nixpkgs",
        "packages": "packages",
        "project-root": "project-root"
      }
    }
  },
  "root": "root",
  "version": 7
}
