{
  "nodes": {
    "apps-flake": {
      "inputs": {
        "nixpkgs": [
          "nixpkgs"
        ],
        "project-root": [
          "project-root"
        ]
      },
      "locked": {
        "path": "./apps",
        "type": "path"
      },
      "original": {
        "path": "./apps",
        "type": "path"
      },
      "parent": []
    },
    "checks-flake": {
      "inputs": {
        "crane": [
          "crane"
        ],
        "nixpkgs": [
          "nixpkgs"
        ],
        "project-root": [
          "project-root"
        ]
      },
      "locked": {
        "path": "./checks",
        "type": "path"
      },
      "original": {
        "path": "./checks",
        "type": "path"
      },
      "parent": []
    },
    "crane": {
      "locked": {
        "lastModified": 1763938834,
        "narHash": "sha256-j8iB0Yr4zAvQLueCZ5abxfk6fnG/SJ5JnGUziETjwfg=",
        "owner": "ipetkov",
        "repo": "crane",
        "rev": "d9e753122e51cee64eb8d2dddfe11148f339f5a2",
        "type": "github"
      },
      "original": {
        "owner": "ipetkov",
        "repo": "crane",
        "type": "github"
      }
    },
    "formatter-flake": {
      "inputs": {
        "nixpkgs": [
          "nixpkgs"
        ]
      },
      "locked": {
        "path": "./formatter",
        "type": "path"
      },
      "original": {
        "path": "./formatter",
        "type": "path"
      },
      "parent": []
    },
    "lib-flake": {
      "inputs": {
        "nixpkgs": [
          "nixpkgs"
        ]
      },
      "locked": {
        "path": "./lib",
        "type": "path"
      },
      "original": {
        "path": "./lib",
        "type": "path"
      },
      "parent": []
    },
    "nixpkgs": {
      "locked": {
        "lastModified": 1763934636,
        "narHash": "sha256-9glbI7f1uU+yzQCq5LwLgdZqx6svOhZWkd4JRY265fc=",
        "owner": "NixOS",
        "repo": "nixpkgs",
        "rev": "ee09932cedcef15aaf476f9343d1dea2cb77e261",
        "type": "github"
      },
      "original": {
        "owner": "NixOS",
        "ref": "nixpkgs-unstable",
        "repo": "nixpkgs",
        "type": "github"
      }
    },
    "packages-flake": {
      "inputs": {
        "crane": [
          "crane"
        ],
        "nixpkgs": [
          "nixpkgs"
        ],
        "project-root": [
          "project-root"
        ]
      },
      "locked": {
        "path": "./packages",
        "type": "path"
      },
      "original": {
        "path": "./packages",
        "type": "path"
      },
      "parent": []
    },
    "project-root": {
      "flake": false,
      "locked": {
        "path": "..",
        "type": "path"
      },
      "original": {
        "path": "..",
        "type": "path"
      },
      "parent": []
    },
    "root": {
      "inputs": {
        "apps-flake": "apps-flake",
        "checks-flake": "checks-flake",
        "crane": "crane",
        "formatter-flake": "formatter-flake",
        "lib-flake": "lib-flake",
        "nixpkgs": "nixpkgs",
        "packages-flake": "packages-flake",
        "project-root": "project-root"
      }
    }
  },
  "root": "root",
  "version": 7
}
